
Microsoft Visual Studio Solution File, Format Version 12.00
# Visual Studio Version 16
VisualStudioVersion = 16.0.30114.105
MinimumVisualStudioVersion = 10.0.40219.1
Project("{2150E333-8FDC-42A3-9474-1A3956D46DE8}") = "1. Identity", "1. Identity", "{1A76868B-6C53-4C13-9F8B-A9C0A1AC0896}"
EndProject
Project("{2150E333-8FDC-42A3-9474-1A3956D46DE8}") = "2. App", "2. App", "{94DA49BD-50C2-4C7C-8EE2-2274B4129035}"
EndProject
Project("{2150E333-8FDC-42A3-9474-1A3956D46DE8}") = "3. Client", "3. Client", "{C975D9FA-14E5-4C6A-BF20-2E9CEFB9C180}"
EndProject
Project("{2150E333-8FDC-42A3-9474-1A3956D46DE8}") = "Solution Items", "Solution Items", "{1D574B47-A401-4343-A757-AA32385476DC}"
	ProjectSection(SolutionItems) = preProject
		.gitignore = .gitignore
		LICENSE = LICENSE
		README.md = README.md
		RH.Client.SPA\ClientApp\tslint.json = RH.Client.SPA\ClientApp\tslint.json
	EndProjectSection
EndProject
Project("{9A19103F-16F7-4668-BE54-9A1E7A4F7556}") = "RH.IdentityServer", "RH.IdentityServer\RH.IdentityServer.csproj", "{2D1ACB60-9567-41CA-896D-37AFE276C00F}"
EndProject
Project("{9A19103F-16F7-4668-BE54-9A1E7A4F7556}") = "RH.IdentityServer.Inftrastructure", "RH.IdentityServer.Inftrastructure\RH.IdentityServer.Inftrastructure.csproj", "{B646B947-6E04-4FDA-B661-7DF47248DBE6}"
EndProject
Project("{9A19103F-16F7-4668-BE54-9A1E7A4F7556}") = "RH.IdentityServer.Inftrastructure.Data", "RH.IdentityServer.Inftrastructure.Data\RH.IdentityServer.Inftrastructure.Data.csproj", "{9F412CF8-6066-485F-B5FA-0CE33EA2EAC7}"
EndProject
Project("{9A19103F-16F7-4668-BE54-9A1E7A4F7556}") = "RH.Client.SPA", "RH.Client.SPA\RH.Client.SPA.csproj", "{FD03F871-3020-4642-8DDB-EAE56BD336D9}"
EndProject
Project("{2150E333-8FDC-42A3-9474-1A3956D46DE8}") = "2.1. Common", "2.1. Common", "{D61289B1-FB65-4A6C-8E2D-E40F796536D0}"
EndProject
Project("{2150E333-8FDC-42A3-9474-1A3956D46DE8}") = "2.2. Infrastructure", "2.2. Infrastructure", "{1ED27554-A50B-48A8-BC86-69057F6AA7BE}"
EndProject
Project("{2150E333-8FDC-42A3-9474-1A3956D46DE8}") = "2.3. Core", "2.3. Core", "{476E8519-C151-4DF1-98FA-DBDC00C4816A}"
EndProject
Project("{2150E333-8FDC-42A3-9474-1A3956D46DE8}") = "2.4. Report", "2.4. Report", "{99D2CE18-6D48-46E4-9486-BED4D06C65B5}"
EndProject
Project("{2150E333-8FDC-42A3-9474-1A3956D46DE8}") = "2.5. Server", "2.5. Server", "{B4ABEED6-CDB0-405F-AD0E-98A353D7569F}"
EndProject
Project("{9A19103F-16F7-4668-BE54-9A1E7A4F7556}") = "RH.App.Common", "RH.App.Common\RH.App.Common.csproj", "{58729DD4-288E-4438-9B88-9532242E99D6}"
EndProject
Project("{9A19103F-16F7-4668-BE54-9A1E7A4F7556}") = "RH.App.Infrastructure", "RH.App.Infrastructure\RH.App.Infrastructure.csproj", "{1C1CC3B9-57DD-49E4-A557-29AAECD40FC4}"
EndProject
Project("{9A19103F-16F7-4668-BE54-9A1E7A4F7556}") = "RH.App.Infrastructure.Data", "RH.App.Infrastructure.Data\RH.App.Infrastructure.Data.csproj", "{05066914-2296-4C7E-A705-0F1F6663C3F6}"
EndProject
Project("{9A19103F-16F7-4668-BE54-9A1E7A4F7556}") = "RH.App.Core", "RH.App.Core\RH.App.Core.csproj", "{54D64A07-9CA6-4E75-A121-ACD8362EB3ED}"
EndProject
Project("{9A19103F-16F7-4668-BE54-9A1E7A4F7556}") = "RH.App.Core.GraphQL", "RH.App.Core.GraphQL\RH.App.Core.GraphQL.csproj", "{2912943B-EA56-4305-9419-268D0897FBC8}"
EndProject
Project("{9A19103F-16F7-4668-BE54-9A1E7A4F7556}") = "RH.App.Server.API", "RH.App.Server.API\RH.App.Server.API.csproj", "{7102428D-7F1C-4B31-B49E-3D02CAA18305}"
EndProject
Project("{9A19103F-16F7-4668-BE54-9A1E7A4F7556}") = "RH.App.Core.CronJob", "RH.App.Core.CronJob\RH.App.Core.CronJob.csproj", "{2AE30E07-9964-4C79-B3ED-CF6AD8D457F0}"
EndProject
Global
	GlobalSection(SolutionConfigurationPlatforms) = preSolution
		Debug|Any CPU = Debug|Any CPU
		Release|Any CPU = Release|Any CPU
	EndGlobalSection
	GlobalSection(ProjectConfigurationPlatforms) = postSolution
		{2D1ACB60-9567-41CA-896D-37AFE276C00F}.Debug|Any CPU.ActiveCfg = Debug|Any CPU
		{2D1ACB60-9567-41CA-896D-37AFE276C00F}.Debug|Any CPU.Build.0 = Debug|Any CPU
		{2D1ACB60-9567-41CA-896D-37AFE276C00F}.Release|Any CPU.ActiveCfg = Release|Any CPU
		{2D1ACB60-9567-41CA-896D-37AFE276C00F}.Release|Any CPU.Build.0 = Release|Any CPU
		{B646B947-6E04-4FDA-B661-7DF47248DBE6}.Debug|Any CPU.ActiveCfg = Debug|Any CPU
		{B646B947-6E04-4FDA-B661-7DF47248DBE6}.Debug|Any CPU.Build.0 = Debug|Any CPU
		{B646B947-6E04-4FDA-B661-7DF47248DBE6}.Release|Any CPU.ActiveCfg = Release|Any CPU
		{B646B947-6E04-4FDA-B661-7DF47248DBE6}.Release|Any CPU.Build.0 = Release|Any CPU
		{9F412CF8-6066-485F-B5FA-0CE33EA2EAC7}.Debug|Any CPU.ActiveCfg = Debug|Any CPU
		{9F412CF8-6066-485F-B5FA-0CE33EA2EAC7}.Debug|Any CPU.Build.0 = Debug|Any CPU
		{9F412CF8-6066-485F-B5FA-0CE33EA2EAC7}.Release|Any CPU.ActiveCfg = Release|Any CPU
		{9F412CF8-6066-485F-B5FA-0CE33EA2EAC7}.Release|Any CPU.Build.0 = Release|Any CPU
		{FD03F871-3020-4642-8DDB-EAE56BD336D9}.Debug|Any CPU.ActiveCfg = Debug|Any CPU
		{FD03F871-3020-4642-8DDB-EAE56BD336D9}.Debug|Any CPU.Build.0 = Debug|Any CPU
		{FD03F871-3020-4642-8DDB-EAE56BD336D9}.Release|Any CPU.ActiveCfg = Release|Any CPU
		{FD03F871-3020-4642-8DDB-EAE56BD336D9}.Release|Any CPU.Build.0 = Release|Any CPU
		{58729DD4-288E-4438-9B88-9532242E99D6}.Debug|Any CPU.ActiveCfg = Debug|Any CPU
		{58729DD4-288E-4438-9B88-9532242E99D6}.Debug|Any CPU.Build.0 = Debug|Any CPU
		{58729DD4-288E-4438-9B88-9532242E99D6}.Release|Any CPU.ActiveCfg = Release|Any CPU
		{58729DD4-288E-4438-9B88-9532242E99D6}.Release|Any CPU.Build.0 = Release|Any CPU
		{1C1CC3B9-57DD-49E4-A557-29AAECD40FC4}.Debug|Any CPU.ActiveCfg = Debug|Any CPU
		{1C1CC3B9-57DD-49E4-A557-29AAECD40FC4}.Debug|Any CPU.Build.0 = Debug|Any CPU
		{1C1CC3B9-57DD-49E4-A557-29AAECD40FC4}.Release|Any CPU.ActiveCfg = Release|Any CPU
		{1C1CC3B9-57DD-49E4-A557-29AAECD40FC4}.Release|Any CPU.Build.0 = Release|Any CPU
		{05066914-2296-4C7E-A705-0F1F6663C3F6}.Debug|Any CPU.ActiveCfg = Debug|Any CPU
		{05066914-2296-4C7E-A705-0F1F6663C3F6}.Debug|Any CPU.Build.0 = Debug|Any CPU
		{05066914-2296-4C7E-A705-0F1F6663C3F6}.Release|Any CPU.ActiveCfg = Release|Any CPU
		{05066914-2296-4C7E-A705-0F1F6663C3F6}.Release|Any CPU.Build.0 = Release|Any CPU
		{54D64A07-9CA6-4E75-A121-ACD8362EB3ED}.Debug|Any CPU.ActiveCfg = Debug|Any CPU
		{54D64A07-9CA6-4E75-A121-ACD8362EB3ED}.Debug|Any CPU.Build.0 = Debug|Any CPU
		{54D64A07-9CA6-4E75-A121-ACD8362EB3ED}.Release|Any CPU.ActiveCfg = Release|Any CPU
		{54D64A07-9CA6-4E75-A121-ACD8362EB3ED}.Release|Any CPU.Build.0 = Release|Any CPU
		{2912943B-EA56-4305-9419-268D0897FBC8}.Debug|Any CPU.ActiveCfg = Debug|Any CPU
		{2912943B-EA56-4305-9419-268D0897FBC8}.Debug|Any CPU.Build.0 = Debug|Any CPU
		{2912943B-EA56-4305-9419-268D0897FBC8}.Release|Any CPU.ActiveCfg = Release|Any CPU
		{2912943B-EA56-4305-9419-268D0897FBC8}.Release|Any CPU.Build.0 = Release|Any CPU
		{7102428D-7F1C-4B31-B49E-3D02CAA18305}.Debug|Any CPU.ActiveCfg = Debug|Any CPU
		{7102428D-7F1C-4B31-B49E-3D02CAA18305}.Debug|Any CPU.Build.0 = Debug|Any CPU
		{7102428D-7F1C-4B31-B49E-3D02CAA18305}.Release|Any CPU.ActiveCfg = Release|Any CPU
		{7102428D-7F1C-4B31-B49E-3D02CAA18305}.Release|Any CPU.Build.0 = Release|Any CPU
		{2AE30E07-9964-4C79-B3ED-CF6AD8D457F0}.Debug|Any CPU.ActiveCfg = Debug|Any CPU
		{2AE30E07-9964-4C79-B3ED-CF6AD8D457F0}.Debug|Any CPU.Build.0 = Debug|Any CPU
		{2AE30E07-9964-4C79-B3ED-CF6AD8D457F0}.Release|Any CPU.ActiveCfg = Release|Any CPU
		{2AE30E07-9964-4C79-B3ED-CF6AD8D457F0}.Release|Any CPU.Build.0 = Release|Any CPU
	EndGlobalSection
	GlobalSection(SolutionProperties) = preSolution
		HideSolutionNode = FALSE
	EndGlobalSection
	GlobalSection(NestedProjects) = preSolution
		{2D1ACB60-9567-41CA-896D-37AFE276C00F} = {1A76868B-6C53-4C13-9F8B-A9C0A1AC0896}
		{B646B947-6E04-4FDA-B661-7DF47248DBE6} = {1A76868B-6C53-4C13-9F8B-A9C0A1AC0896}
		{9F412CF8-6066-485F-B5FA-0CE33EA2EAC7} = {1A76868B-6C53-4C13-9F8B-A9C0A1AC0896}
		{FD03F871-3020-4642-8DDB-EAE56BD336D9} = {C975D9FA-14E5-4C6A-BF20-2E9CEFB9C180}
		{D61289B1-FB65-4A6C-8E2D-E40F796536D0} = {94DA49BD-50C2-4C7C-8EE2-2274B4129035}
		{1ED27554-A50B-48A8-BC86-69057F6AA7BE} = {94DA49BD-50C2-4C7C-8EE2-2274B4129035}
		{476E8519-C151-4DF1-98FA-DBDC00C4816A} = {94DA49BD-50C2-4C7C-8EE2-2274B4129035}
		{99D2CE18-6D48-46E4-9486-BED4D06C65B5} = {94DA49BD-50C2-4C7C-8EE2-2274B4129035}
		{B4ABEED6-CDB0-405F-AD0E-98A353D7569F} = {94DA49BD-50C2-4C7C-8EE2-2274B4129035}
		{58729DD4-288E-4438-9B88-9532242E99D6} = {D61289B1-FB65-4A6C-8E2D-E40F796536D0}
		{1C1CC3B9-57DD-49E4-A557-29AAECD40FC4} = {1ED27554-A50B-48A8-BC86-69057F6AA7BE}
		{05066914-2296-4C7E-A705-0F1F6663C3F6} = {1ED27554-A50B-48A8-BC86-69057F6AA7BE}
		{54D64A07-9CA6-4E75-A121-ACD8362EB3ED} = {476E8519-C151-4DF1-98FA-DBDC00C4816A}
		{2912943B-EA56-4305-9419-268D0897FBC8} = {476E8519-C151-4DF1-98FA-DBDC00C4816A}
		{7102428D-7F1C-4B31-B49E-3D02CAA18305} = {B4ABEED6-CDB0-405F-AD0E-98A353D7569F}
		{2AE30E07-9964-4C79-B3ED-CF6AD8D457F0} = {476E8519-C151-4DF1-98FA-DBDC00C4816A}
	EndGlobalSection
	GlobalSection(ExtensibilityGlobals) = postSolution
		SolutionGuid = {A742D652-0582-47CB-BA14-57C5FB507674}
	EndGlobalSection
EndGlobal
